
Microsoft Visual Studio Solution File, Format Version 12.00
# Visual Studio Version 17
VisualStudioVersion = 17.5.33530.505
MinimumVisualStudioVersion = 10.0.40219.1
Project("{FAE04EC0-301F-11D3-BF4B-00C04F79EFBC}") = "LoginForm", "LoginForm\LoginForm.csproj", "{92A26051-0447-457A-BC7A-1A012AD9BB18}"
EndProject
Global
	GlobalSection(SolutionConfigurationPlatforms) = preSolution
		Debug|Any CPU = Debug|Any CPU
		Release|Any CPU = Release|Any CPU
	EndGlobalSection
	GlobalSection(ProjectConfigurationPlatforms) = postSolution
		{92A26051-0447-457A-BC7A-1A012AD9BB18}.Debug|Any CPU.ActiveCfg = Debug|Any CPU
		{92A26051-0447-457A-BC7A-1A012AD9BB18}.Debug|Any CPU.Build.0 = Debug|Any CPU
		{92A26051-0447-457A-BC7A-1A012AD9BB18}.Release|Any CPU.ActiveCfg = Release|Any CPU
		{92A26051-0447-457A-BC7A-1A012AD9BB18}.Release|Any CPU.Build.0 = Release|Any CPU
	EndGlobalSection
	GlobalSection(SolutionProperties) = preSolution
		HideSolutionNode = FALSE
	EndGlobalSection
	GlobalSection(ExtensibilityGlobals) = postSolution
		SolutionGuid = {1B623B69-7139-4D60-97A6-256F597E52AD}
	EndGlobalSection
EndGlobal
